
Microsoft Visual Studio Solution File, Format Version 12.00
# Visual Studio 15
VisualStudioVersion = 15.0.27130.2003
MinimumVisualStudioVersion = 10.0.40219.1
Project("{FAE04EC0-301F-11D3-BF4B-00C04F79EFBC}") = "MoviesApp", "MoviesApp\MoviesApp.csproj", "{FD85C1BC-9047-478F-9310-DCD841F2A705}"
EndProject
Global
	GlobalSection(SolutionConfigurationPlatforms) = preSolution
		Debug|Any CPU = Debug|Any CPU
		Release|Any CPU = Release|Any CPU
	EndGlobalSection
	GlobalSection(ProjectConfigurationPlatforms) = postSolution
		{FD85C1BC-9047-478F-9310-DCD841F2A705}.Debug|Any CPU.ActiveCfg = Debug|Any CPU
		{FD85C1BC-9047-478F-9310-DCD841F2A705}.Debug|Any CPU.Build.0 = Debug|Any CPU
		{FD85C1BC-9047-478F-9310-DCD841F2A705}.Release|Any CPU.ActiveCfg = Release|Any CPU
		{FD85C1BC-9047-478F-9310-DCD841F2A705}.Release|Any CPU.Build.0 = Release|Any CPU
	EndGlobalSection
	GlobalSection(SolutionProperties) = preSolution
		HideSolutionNode = FALSE
	EndGlobalSection
	GlobalSection(ExtensibilityGlobals) = postSolution
		SolutionGuid = {D5BD8F60-6867-4973-898F-94F788B53C70}
	EndGlobalSection
EndGlobal
